
Microsoft Visual Studio Solution File, Format Version 12.00
# Visual Studio Version 16
VisualStudioVersion = 16.0.31229.75
MinimumVisualStudioVersion = 10.0.40219.1
Project("{9A19103F-16F7-4668-BE54-9A1E7A4F7556}") = "Accounting.Domain", "src\Accounting.Domain\Accounting.Domain.csproj", "{B4E61C3B-F566-490F-AF4E-29962CB20D3D}"
EndProject
Project("{9A19103F-16F7-4668-BE54-9A1E7A4F7556}") = "Accounting.Application", "src\Accounting.Application\Accounting.Application.csproj", "{4925DED2-8E79-48AD-8E66-9F43ACD1DD0F}"
EndProject
Project("{9A19103F-16F7-4668-BE54-9A1E7A4F7556}") = "Accounting.Infrastructure", "src\Accounting.Infrastructure\Accounting.Infrastructure.csproj", "{CDF16F7D-5594-4C73-85FF-DB014FCE0CF8}"
EndProject
Project("{9A19103F-16F7-4668-BE54-9A1E7A4F7556}") = "Accounting.Presentation", "src\Accounting.Presentation\Accounting.Presentation.csproj", "{36A56362-DE6F-4ACB-AC82-4DB0CD8DF907}"
EndProject
Project("{2150E333-8FDC-42A3-9474-1A3956D46DE8}") = "Tests", "Tests", "{3B61A3CF-A952-428C-AC59-42CFD65475F0}"
EndProject
Project("{FAE04EC0-301F-11D3-BF4B-00C04F79EFBC}") = "Accounting.Domain.Tests", "src\test\Accounting.Domain.Tests\Accounting.Domain.Tests.csproj", "{68F0E66E-85BA-41FC-B916-AE14DE76D921}"
EndProject
Global
	GlobalSection(SolutionConfigurationPlatforms) = preSolution
		Debug|Any CPU = Debug|Any CPU
		Release|Any CPU = Release|Any CPU
	EndGlobalSection
	GlobalSection(ProjectConfigurationPlatforms) = postSolution
		{B4E61C3B-F566-490F-AF4E-29962CB20D3D}.Debug|Any CPU.ActiveCfg = Debug|Any CPU
		{B4E61C3B-F566-490F-AF4E-29962CB20D3D}.Debug|Any CPU.Build.0 = Debug|Any CPU
		{B4E61C3B-F566-490F-AF4E-29962CB20D3D}.Release|Any CPU.ActiveCfg = Release|Any CPU
		{B4E61C3B-F566-490F-AF4E-29962CB20D3D}.Release|Any CPU.Build.0 = Release|Any CPU
		{4925DED2-8E79-48AD-8E66-9F43ACD1DD0F}.Debug|Any CPU.ActiveCfg = Debug|Any CPU
		{4925DED2-8E79-48AD-8E66-9F43ACD1DD0F}.Debug|Any CPU.Build.0 = Debug|Any CPU
		{4925DED2-8E79-48AD-8E66-9F43ACD1DD0F}.Release|Any CPU.ActiveCfg = Release|Any CPU
		{4925DED2-8E79-48AD-8E66-9F43ACD1DD0F}.Release|Any CPU.Build.0 = Release|Any CPU
		{CDF16F7D-5594-4C73-85FF-DB014FCE0CF8}.Debug|Any CPU.ActiveCfg = Debug|Any CPU
		{CDF16F7D-5594-4C73-85FF-DB014FCE0CF8}.Debug|Any CPU.Build.0 = Debug|Any CPU
		{CDF16F7D-5594-4C73-85FF-DB014FCE0CF8}.Release|Any CPU.ActiveCfg = Release|Any CPU
		{CDF16F7D-5594-4C73-85FF-DB014FCE0CF8}.Release|Any CPU.Build.0 = Release|Any CPU
		{36A56362-DE6F-4ACB-AC82-4DB0CD8DF907}.Debug|Any CPU.ActiveCfg = Debug|Any CPU
		{36A56362-DE6F-4ACB-AC82-4DB0CD8DF907}.Debug|Any CPU.Build.0 = Debug|Any CPU
		{36A56362-DE6F-4ACB-AC82-4DB0CD8DF907}.Release|Any CPU.ActiveCfg = Release|Any CPU
		{36A56362-DE6F-4ACB-AC82-4DB0CD8DF907}.Release|Any CPU.Build.0 = Release|Any CPU
		{68F0E66E-85BA-41FC-B916-AE14DE76D921}.Debug|Any CPU.ActiveCfg = Debug|Any CPU
		{68F0E66E-85BA-41FC-B916-AE14DE76D921}.Debug|Any CPU.Build.0 = Debug|Any CPU
		{68F0E66E-85BA-41FC-B916-AE14DE76D921}.Release|Any CPU.ActiveCfg = Release|Any CPU
		{68F0E66E-85BA-41FC-B916-AE14DE76D921}.Release|Any CPU.Build.0 = Release|Any CPU
	EndGlobalSection
	GlobalSection(SolutionProperties) = preSolution
		HideSolutionNode = FALSE
	EndGlobalSection
	GlobalSection(NestedProjects) = preSolution
		{68F0E66E-85BA-41FC-B916-AE14DE76D921} = {3B61A3CF-A952-428C-AC59-42CFD65475F0}
	EndGlobalSection
	GlobalSection(ExtensibilityGlobals) = postSolution
		SolutionGuid = {4A8E8E66-91D9-4B17-A954-1B24E19BC55B}
	EndGlobalSection
EndGlobal
